
Microsoft Visual Studio Solution File, Format Version 12.00
# Visual Studio Version 16
VisualStudioVersion = 16.0.30204.135
MinimumVisualStudioVersion = 10.0.40219.1
Project("{9A19103F-16F7-4668-BE54-9A1E7A4F7556}") = "Opertat-Core", "DotNet\Opertat-Core\Opertat-Core.csproj", "{E9C7AAEF-6E9E-4A87-A44B-C99CB0F42243}"
EndProject
Project("{9A19103F-16F7-4668-BE54-9A1E7A4F7556}") = "Opertat-LX", "DotNet\Opertat-LX\Opertat-LX.csproj", "{41865800-24C0-4D4C-8E2D-96BCAF713D88}"
EndProject
Global
	GlobalSection(SolutionConfigurationPlatforms) = preSolution
		Debug|Any CPU = Debug|Any CPU
		Release|Any CPU = Release|Any CPU
	EndGlobalSection
	GlobalSection(ProjectConfigurationPlatforms) = postSolution
		{E9C7AAEF-6E9E-4A87-A44B-C99CB0F42243}.Debug|Any CPU.ActiveCfg = Debug|Any CPU
		{E9C7AAEF-6E9E-4A87-A44B-C99CB0F42243}.Debug|Any CPU.Build.0 = Debug|Any CPU
		{E9C7AAEF-6E9E-4A87-A44B-C99CB0F42243}.Release|Any CPU.ActiveCfg = Release|Any CPU
		{E9C7AAEF-6E9E-4A87-A44B-C99CB0F42243}.Release|Any CPU.Build.0 = Release|Any CPU
		{41865800-24C0-4D4C-8E2D-96BCAF713D88}.Debug|Any CPU.ActiveCfg = Debug|Any CPU
		{41865800-24C0-4D4C-8E2D-96BCAF713D88}.Debug|Any CPU.Build.0 = Debug|Any CPU
		{41865800-24C0-4D4C-8E2D-96BCAF713D88}.Release|Any CPU.ActiveCfg = Release|Any CPU
		{41865800-24C0-4D4C-8E2D-96BCAF713D88}.Release|Any CPU.Build.0 = Release|Any CPU
	EndGlobalSection
	GlobalSection(SolutionProperties) = preSolution
		HideSolutionNode = FALSE
	EndGlobalSection
	GlobalSection(ExtensibilityGlobals) = postSolution
		SolutionGuid = {F1D0D76D-36D8-4EA4-9C41-34B091ED77EA}
	EndGlobalSection
EndGlobal
